// !$*UTF8*$!
{
	archiveVersion = 1;
	classes = {
	};
	objectVersion = 56;
	objects = {

/* Begin PBXBuildFile section */
		20AC638C2B04DE170014AEAE /* MyRemindersApp.swift in Sources */ = {isa = PBXBuildFile; fileRef = 20AC638B2B04DE170014AEAE /* MyRemindersApp.swift */; };
		20AC638E2B04DE170014AEAE /* ContentView.swift in Sources */ = {isa = PBXBuildFile; fileRef = 20AC638D2B04DE170014AEAE /* ContentView.swift */; };
		20AC63902B04DE190014AEAE /* Assets.xcassets in Resources */ = {isa = PBXBuildFile; fileRef = 20AC638F2B04DE190014AEAE /* Assets.xcassets */; };
		20AC63932B04DE190014AEAE /* Preview Assets.xcassets in Resources */ = {isa = PBXBuildFile; fileRef = 20AC63922B04DE190014AEAE /* Preview Assets.xcassets */; };
		20AC639D2B04DE190014AEAE /* MyRemindersTests.swift in Sources */ = {isa = PBXBuildFile; fileRef = 20AC639C2B04DE190014AEAE /* MyRemindersTests.swift */; };
		20AC63A72B04DE190014AEAE /* MyRemindersUITests.swift in Sources */ = {isa = PBXBuildFile; fileRef = 20AC63A62B04DE190014AEAE /* MyRemindersUITests.swift */; };
		20AC63A92B04DE190014AEAE /* MyRemindersUITestsLaunchTests.swift in Sources */ = {isa = PBXBuildFile; fileRef = 20AC63A82B04DE190014AEAE /* MyRemindersUITestsLaunchTests.swift */; };
/* End PBXBuildFile section */

/* Begin PBXContainerItemProxy section */
		20AC63992B04DE190014AEAE /* PBXContainerItemProxy */ = {
			isa = PBXContainerItemProxy;
			containerPortal = 20AC63802B04DE170014AEAE /* Project object */;
			proxyType = 1;
			remoteGlobalIDString = 20AC63872B04DE170014AEAE;
			remoteInfo = MyReminders;
		};
		20AC63A32B04DE190014AEAE /* PBXContainerItemProxy */ = {
			isa = PBXContainerItemProxy;
			containerPortal = 20AC63802B04DE170014AEAE /* Project object */;
			proxyType = 1;
			remoteGlobalIDString = 20AC63872B04DE170014AEAE;
			remoteInfo = MyReminders;
		};
/* End PBXContainerItemProxy section */

/* Begin PBXFileReference section */
		20AC63882B04DE170014AEAE /* MyReminders.app */ = {isa = PBXFileReference; explicitFileType = wrapper.application; includeInIndex = 0; path = MyReminders.app; sourceTree = BUILT_PRODUCTS_DIR; };
		20AC638B2B04DE170014AEAE /* MyRemindersApp.swift */ = {isa = PBXFileReference; lastKnownFileType = sourcecode.swift; path = MyRemindersApp.swift; sourceTree = "<group>"; };
		20AC638D2B04DE170014AEAE /* ContentView.swift */ = {isa = PBXFileReference; lastKnownFileType = sourcecode.swift; path = ContentView.swift; sourceTree = "<group>"; };
		20AC638F2B04DE190014AEAE /* Assets.xcassets */ = {isa = PBXFileReference; lastKnownFileType = folder.assetcatalog; path = Assets.xcassets; sourceTree = "<group>"; };
		20AC63922B04DE190014AEAE /* Preview Assets.xcassets */ = {isa = PBXFileReference; lastKnownFileType = folder.assetcatalog; path = "Preview Assets.xcassets"; sourceTree = "<group>"; };
		20AC63982B04DE190014AEAE /* MyRemindersTests.xctest */ = {isa = PBXFileReference; explicitFileType = wrapper.cfbundle; includeInIndex = 0; path = MyRemindersTests.xctest; sourceTree = BUILT_PRODUCTS_DIR; };
		20AC639C2B04DE190014AEAE /* MyRemindersTests.swift */ = {isa = PBXFileReference; lastKnownFileType = sourcecode.swift; path = MyRemindersTests.swift; sourceTree = "<group>"; };
		20AC63A22B04DE190014AEAE /* MyRemindersUITests.xctest */ = {isa = PBXFileReference; explicitFileType = wrapper.cfbundle; includeInIndex = 0; path = MyRemindersUITests.xctest; sourceTree = BUILT_PRODUCTS_DIR; };
		20AC63A62B04DE190014AEAE /* MyRemindersUITests.swift */ = {isa = PBXFileReference; lastKnownFileType = sourcecode.swift; path = MyRemindersUITests.swift; sourceTree = "<group>"; };
		20AC63A82B04DE190014AEAE /* MyRemindersUITestsLaunchTests.swift */ = {isa = PBXFileReference; lastKnownFileType = sourcecode.swift; path = MyRemindersUITestsLaunchTests.swift; sourceTree = "<group>"; };
/* End PBXFileReference section */

/* Begin PBXFrameworksBuildPhase section */
		20AC63852B04DE170014AEAE /* Frameworks */ = {
			isa = PBXFrameworksBuildPhase;
			buildActionMask = 2147483647;
			files = (
			);
			runOnlyForDeploymentPostprocessing = 0;
		};
		20AC63952B04DE190014AEAE /* Frameworks */ = {
			isa = PBXFrameworksBuildPhase;
			buildActionMask = 2147483647;
			files = (
			);
			runOnlyForDeploymentPostprocessing = 0;
		};
		20AC639F2B04DE190014AEAE /* Frameworks */ = {
			isa = PBXFrameworksBuildPhase;
			buildActionMask = 2147483647;
			files = (
			);
			runOnlyForDeploymentPostprocessing = 0;
		};
/* End PBXFrameworksBuildPhase section */

/* Begin PBXGroup section */
		20AC637F2B04DE170014AEAE = {
			isa = PBXGroup;
			children = (
				20AC638A2B04DE170014AEAE /* MyReminders */,
				20AC639B2B04DE190014AEAE /* MyRemindersTests */,
				20AC63A52B04DE190014AEAE /* MyRemindersUITests */,
				20AC63892B04DE170014AEAE /* Products */,
			);
			sourceTree = "<group>";
		};
		20AC63892B04DE170014AEAE /* Products */ = {
			isa = PBXGroup;
			children = (
				20AC63882B04DE170014AEAE /* MyReminders.app */,
				20AC63982B04DE190014AEAE /* MyRemindersTests.xctest */,
				20AC63A22B04DE190014AEAE /* MyRemindersUITests.xctest */,
			);
			name = Products;
			sourceTree = "<group>";
		};
		20AC638A2B04DE170014AEAE /* MyReminders */ = {
			isa = PBXGroup;
			children = (
				20AC638B2B04DE170014AEAE /* MyRemindersApp.swift */,
				20AC638D2B04DE170014AEAE /* ContentView.swift */,
				20AC638F2B04DE190014AEAE /* Assets.xcassets */,
				20AC63912B04DE190014AEAE /* Preview Content */,
			);
			path = MyReminders;
			sourceTree = "<group>";
		};
		20AC63912B04DE190014AEAE /* Preview Content */ = {
			isa = PBXGroup;
			children = (
				20AC63922B04DE190014AEAE /* Preview Assets.xcassets */,
			);
			path = "Preview Content";
			sourceTree = "<group>";
		};
		20AC639B2B04DE190014AEAE /* MyRemindersTests */ = {
			isa = PBXGroup;
			children = (
				20AC639C2B04DE190014AEAE /* MyRemindersTests.swift */,
			);
			path = MyRemindersTests;
			sourceTree = "<group>";
		};
		20AC63A52B04DE190014AEAE /* MyRemindersUITests */ = {
			isa = PBXGroup;
			children = (
				20AC63A62B04DE190014AEAE /* MyRemindersUITests.swift */,
				20AC63A82B04DE190014AEAE /* MyRemindersUITestsLaunchTests.swift */,
			);
			path = MyRemindersUITests;
			sourceTree = "<group>";
		};
/* End PBXGroup section */

/* Begin PBXNativeTarget section */
		20AC63872B04DE170014AEAE /* MyReminders */ = {
			isa = PBXNativeTarget;
			buildConfigurationList = 20AC63AC2B04DE190014AEAE /* Build configuration list for PBXNativeTarget "MyReminders" */;
			buildPhases = (
				20AC63842B04DE170014AEAE /* Sources */,
				20AC63852B04DE170014AEAE /* Frameworks */,
				20AC63862B04DE170014AEAE /* Resources */,
			);
			buildRules = (
			);
			dependencies = (
			);
			name = MyReminders;
			productName = MyReminders;
			productReference = 20AC63882B04DE170014AEAE /* MyReminders.app */;
			productType = "com.apple.product-type.application";
		};
		20AC63972B04DE190014AEAE /* MyRemindersTests */ = {
			isa = PBXNativeTarget;
			buildConfigurationList = 20AC63AF2B04DE190014AEAE /* Build configuration list for PBXNativeTarget "MyRemindersTests" */;
			buildPhases = (
				20AC63942B04DE190014AEAE /* Sources */,
				20AC63952B04DE190014AEAE /* Frameworks */,
				20AC63962B04DE190014AEAE /* Resources */,
			);
			buildRules = (
			);
			dependencies = (
				20AC639A2B04DE190014AEAE /* PBXTargetDependency */,
			);
			name = MyRemindersTests;
			productName = MyRemindersTests;
			productReference = 20AC63982B04DE190014AEAE /* MyRemindersTests.xctest */;
			productType = "com.apple.product-type.bundle.unit-test";
		};
		20AC63A12B04DE190014AEAE /* MyRemindersUITests */ = {
			isa = PBXNativeTarget;
			buildConfigurationList = 20AC63B22B04DE190014AEAE /* Build configuration list for PBXNativeTarget "MyRemindersUITests" */;
			buildPhases = (
				20AC639E2B04DE190014AEAE /* Sources */,
				20AC639F2B04DE190014AEAE /* Frameworks */,
				20AC63A02B04DE190014AEAE /* Resources */,
			);
			buildRules = (
			);
			dependencies = (
				20AC63A42B04DE190014AEAE /* PBXTargetDependency */,
			);
			name = MyRemindersUITests;
			productName = MyRemindersUITests;
			productReference = 20AC63A22B04DE190014AEAE /* MyRemindersUITests.xctest */;
			productType = "com.apple.product-type.bundle.ui-testing";
		};
/* End PBXNativeTarget section */

/* Begin PBXProject section */
		20AC63802B04DE170014AEAE /* Project object */ = {
			isa = PBXProject;
			attributes = {
				BuildIndependentTargetsInParallel = 1;
				LastSwiftUpdateCheck = 1500;
				LastUpgradeCheck = 1500;
				TargetAttributes = {
					20AC63872B04DE170014AEAE = {
						CreatedOnToolsVersion = 15.0;
					};
					20AC63972B04DE190014AEAE = {
						CreatedOnToolsVersion = 15.0;
						TestTargetID = 20AC63872B04DE170014AEAE;
					};
					20AC63A12B04DE190014AEAE = {
						CreatedOnToolsVersion = 15.0;
						TestTargetID = 20AC63872B04DE170014AEAE;
					};
				};
			};
			buildConfigurationList = 20AC63832B04DE170014AEAE /* Build configuration list for PBXProject "MyReminders" */;
			compatibilityVersion = "Xcode 14.0";
			developmentRegion = en;
			hasScannedForEncodings = 0;
			knownRegions = (
				en,
				Base,
			);
			mainGroup = 20AC637F2B04DE170014AEAE;
			productRefGroup = 20AC63892B04DE170014AEAE /* Products */;
			projectDirPath = "";
			projectRoot = "";
			targets = (
				20AC63872B04DE170014AEAE /* MyReminders */,
				20AC63972B04DE190014AEAE /* MyRemindersTests */,
				20AC63A12B04DE190014AEAE /* MyRemindersUITests */,
			);
		};
/* End PBXProject section */

/* Begin PBXResourcesBuildPhase section */
		20AC63862B04DE170014AEAE /* Resources */ = {
			isa = PBXResourcesBuildPhase;
			buildActionMask = 2147483647;
			files = (
				20AC63932B04DE190014AEAE /* Preview Assets.xcassets in Resources */,
				20AC63902B04DE190014AEAE /* Assets.xcassets in Resources */,
			);
			runOnlyForDeploymentPostprocessing = 0;
		};
		20AC63962B04DE190014AEAE /* Resources */ = {
			isa = PBXResourcesBuildPhase;
			buildActionMask = 2147483647;
			files = (
			);
			runOnlyForDeploymentPostprocessing = 0;
		};
		20AC63A02B04DE190014AEAE /* Resources */ = {
			isa = PBXResourcesBuildPhase;
			buildActionMask = 2147483647;
			files = (
			);
			runOnlyForDeploymentPostprocessing = 0;
		};
/* End PBXResourcesBuildPhase section */

/* Begin PBXSourcesBuildPhase section */
		20AC63842B04DE170014AEAE /* Sources */ = {
			isa = PBXSourcesBuildPhase;
			buildActionMask = 2147483647;
			files = (
				20AC638E2B04DE170014AEAE /* ContentView.swift in Sources */,
				20AC638C2B04DE170014AEAE /* MyRemindersApp.swift in Sources */,
			);
			runOnlyForDeploymentPostprocessing = 0;
		};
		20AC63942B04DE190014AEAE /* Sources */ = {
			isa = PBXSourcesBuildPhase;
			buildActionMask = 2147483647;
			files = (
				20AC639D2B04DE190014AEAE /* MyRemindersTests.swift in Sources */,
			);
			runOnlyForDeploymentPostprocessing = 0;
		};
		20AC639E2B04DE190014AEAE /* Sources */ = {
			isa = PBXSourcesBuildPhase;
			buildActionMask = 2147483647;
			files = (
				20AC63A92B04DE190014AEAE /* MyRemindersUITestsLaunchTests.swift in Sources */,
				20AC63A72B04DE190014AEAE /* MyRemindersUITests.swift in Sources */,
			);
			runOnlyForDeploymentPostprocessing = 0;
		};
/* End PBXSourcesBuildPhase section */

/* Begin PBXTargetDependency section */
		20AC639A2B04DE190014AEAE /* PBXTargetDependency */ = {
			isa = PBXTargetDependency;
			target = 20AC63872B04DE170014AEAE /* MyReminders */;
			targetProxy = 20AC63992B04DE190014AEAE /* PBXContainerItemProxy */;
		};
		20AC63A42B04DE190014AEAE /* PBXTargetDependency */ = {
			isa = PBXTargetDependency;
			target = 20AC63872B04DE170014AEAE /* MyReminders */;
			targetProxy = 20AC63A32B04DE190014AEAE /* PBXContainerItemProxy */;
		};
/* End PBXTargetDependency section */

/* Begin XCBuildConfiguration section */
		20AC63AA2B04DE190014AEAE /* Debug */ = {
			isa = XCBuildConfiguration;
			buildSettings = {
				ALWAYS_SEARCH_USER_PATHS = NO;
				ASSETCATALOG_COMPILER_GENERATE_SWIFT_ASSET_SYMBOL_EXTENSIONS = YES;
				CLANG_ANALYZER_NONNULL = YES;
				CLANG_ANALYZER_NUMBER_OBJECT_CONVERSION = YES_AGGRESSIVE;
				CLANG_CXX_LANGUAGE_STANDARD = "gnu++20";
				CLANG_ENABLE_MODULES = YES;
				CLANG_ENABLE_OBJC_ARC = YES;
				CLANG_ENABLE_OBJC_WEAK = YES;
				CLANG_WARN_BLOCK_CAPTURE_AUTORELEASING = YES;
				CLANG_WARN_BOOL_CONVERSION = YES;
				CLANG_WARN_COMMA = YES;
				CLANG_WARN_CONSTANT_CONVERSION = YES;
				CLANG_WARN_DEPRECATED_OBJC_IMPLEMENTATIONS = YES;
				CLANG_WARN_DIRECT_OBJC_ISA_USAGE = YES_ERROR;
				CLANG_WARN_DOCUMENTATION_COMMENTS = YES;
				CLANG_WARN_EMPTY_BODY = YES;
				CLANG_WARN_ENUM_CONVERSION = YES;
				CLANG_WARN_INFINITE_RECURSION = YES;
				CLANG_WARN_INT_CONVERSION = YES;
				CLANG_WARN_NON_LITERAL_NULL_CONVERSION = YES;
				CLANG_WARN_OBJC_IMPLICIT_RETAIN_SELF = YES;
				CLANG_WARN_OBJC_LITERAL_CONVERSION = YES;
				CLANG_WARN_OBJC_ROOT_CLASS = YES_ERROR;
				CLANG_WARN_QUOTED_INCLUDE_IN_FRAMEWORK_HEADER = YES;
				CLANG_WARN_RANGE_LOOP_ANALYSIS = YES;
				CLANG_WARN_STRICT_PROTOTYPES = YES;
				CLANG_WARN_SUSPICIOUS_MOVE = YES;
				CLANG_WARN_UNGUARDED_AVAILABILITY = YES_AGGRESSIVE;
				CLANG_WARN_UNREACHABLE_CODE = YES;
				CLANG_WARN__DUPLICATE_METHOD_MATCH = YES;
				COPY_PHASE_STRIP = NO;
				DEBUG_INFORMATION_FORMAT = dwarf;
				ENABLE_STRICT_OBJC_MSGSEND = YES;
				ENABLE_TESTABILITY = YES;
				ENABLE_USER_SCRIPT_SANDBOXING = YES;
				GCC_C_LANGUAGE_STANDARD = gnu17;
				GCC_DYNAMIC_NO_PIC = NO;
				GCC_NO_COMMON_BLOCKS = YES;
				GCC_OPTIMIZATION_LEVEL = 0;
				GCC_PREPROCESSOR_DEFINITIONS = (
					"DEBUG=1",
					"$(inherited)",
				);
				GCC_WARN_64_TO_32_BIT_CONVERSION = YES;
				GCC_WARN_ABOUT_RETURN_TYPE = YES_ERROR;
				GCC_WARN_UNDECLARED_SELECTOR = YES;
				GCC_WARN_UNINITIALIZED_AUTOS = YES_AGGRESSIVE;
				GCC_WARN_UNUSED_FUNCTION = YES;
				GCC_WARN_UNUSED_VARIABLE = YES;
				IPHONEOS_DEPLOYMENT_TARGET = 17.0;
				LOCALIZATION_PREFERS_STRING_CATALOGS = YES;
				MTL_ENABLE_DEBUG_INFO = INCLUDE_SOURCE;
				MTL_FAST_MATH = YES;
				ONLY_ACTIVE_ARCH = YES;
				SDKROOT = iphoneos;
				SWIFT_ACTIVE_COMPILATION_CONDITIONS = "DEBUG $(inherited)";
				SWIFT_OPTIMIZATION_LEVEL = "-Onone";
			};
			name = Debug;
		};
		20AC63AB2B04DE190014AEAE /* Release */ = {
			isa = XCBuildConfiguration;
			buildSettings = {
				ALWAYS_SEARCH_USER_PATHS = NO;
				ASSETCATALOG_COMPILER_GENERATE_SWIFT_ASSET_SYMBOL_EXTENSIONS = YES;
				CLANG_ANALYZER_NONNULL = YES;
				CLANG_ANALYZER_NUMBER_OBJECT_CONVERSION = YES_AGGRESSIVE;
				CLANG_CXX_LANGUAGE_STANDARD = "gnu++20";
				CLANG_ENABLE_MODULES = YES;
				CLANG_ENABLE_OBJC_ARC = YES;
				CLANG_ENABLE_OBJC_WEAK = YES;
				CLANG_WARN_BLOCK_CAPTURE_AUTORELEASING = YES;
				CLANG_WARN_BOOL_CONVERSION = YES;
				CLANG_WARN_COMMA = YES;
				CLANG_WARN_CONSTANT_CONVERSION = YES;
				CLANG_WARN_DEPRECATED_OBJC_IMPLEMENTATIONS = YES;
				CLANG_WARN_DIRECT_OBJC_ISA_USAGE = YES_ERROR;
				CLANG_WARN_DOCUMENTATION_COMMENTS = YES;
				CLANG_WARN_EMPTY_BODY = YES;
				CLANG_WARN_ENUM_CONVERSION = YES;
				CLANG_WARN_INFINITE_RECURSION = YES;
				CLANG_WARN_INT_CONVERSION = YES;
				CLANG_WARN_NON_LITERAL_NULL_CONVERSION = YES;
				CLANG_WARN_OBJC_IMPLICIT_RETAIN_SELF = YES;
				CLANG_WARN_OBJC_LITERAL_CONVERSION = YES;
				CLANG_WARN_OBJC_ROOT_CLASS = YES_ERROR;
				CLANG_WARN_QUOTED_INCLUDE_IN_FRAMEWORK_HEADER = YES;
				CLANG_WARN_RANGE_LOOP_ANALYSIS = YES;
				CLANG_WARN_STRICT_PROTOTYPES = YES;
				CLANG_WARN_SUSPICIOUS_MOVE = YES;
				CLANG_WARN_UNGUARDED_AVAILABILITY = YES_AGGRESSIVE;
				CLANG_WARN_UNREACHABLE_CODE = YES;
				CLANG_WARN__DUPLICATE_METHOD_MATCH = YES;
				COPY_PHASE_STRIP = NO;
				DEBUG_INFORMATION_FORMAT = "dwarf-with-dsym";
				ENABLE_NS_ASSERTIONS = NO;
				ENABLE_STRICT_OBJC_MSGSEND = YES;
				ENABLE_USER_SCRIPT_SANDBOXING = YES;
				GCC_C_LANGUAGE_STANDARD = gnu17;
				GCC_NO_COMMON_BLOCKS = YES;
				GCC_WARN_64_TO_32_BIT_CONVERSION = YES;
				GCC_WARN_ABOUT_RETURN_TYPE = YES_ERROR;
				GCC_WARN_UNDECLARED_SELECTOR = YES;
				GCC_WARN_UNINITIALIZED_AUTOS = YES_AGGRESSIVE;
				GCC_WARN_UNUSED_FUNCTION = YES;
				GCC_WARN_UNUSED_VARIABLE = YES;
				IPHONEOS_DEPLOYMENT_TARGET = 17.0;
				LOCALIZATION_PREFERS_STRING_CATALOGS = YES;
				MTL_ENABLE_DEBUG_INFO = NO;
				MTL_FAST_MATH = YES;
				SDKROOT = iphoneos;
				SWIFT_COMPILATION_MODE = wholemodule;
				VALIDATE_PRODUCT = YES;
			};
			name = Release;
		};
		20AC63AD2B04DE190014AEAE /* Debug */ = {
			isa = XCBuildConfiguration;
			buildSettings = {
				ASSETCATALOG_COMPILER_APPICON_NAME = AppIcon;
				ASSETCATALOG_COMPILER_GLOBAL_ACCENT_COLOR_NAME = AccentColor;
				CODE_SIGN_STYLE = Automatic;
				CURRENT_PROJECT_VERSION = 1;
				DEVELOPMENT_ASSET_PATHS = "\"MyReminders/Preview Content\"";
				DEVELOPMENT_TEAM = 5ZJ7YSCAWQ;
				ENABLE_PREVIEWS = YES;
				GENERATE_INFOPLIST_FILE = YES;
				INFOPLIST_KEY_UIApplicationSceneManifest_Generation = YES;
				INFOPLIST_KEY_UIApplicationSupportsIndirectInputEvents = YES;
				INFOPLIST_KEY_UILaunchScreen_Generation = YES;
				INFOPLIST_KEY_UISupportedInterfaceOrientations_iPad = "UIInterfaceOrientationPortrait UIInterfaceOrientationPortraitUpsideDown UIInterfaceOrientationLandscapeLeft UIInterfaceOrientationLandscapeRight";
				INFOPLIST_KEY_UISupportedInterfaceOrientations_iPhone = "UIInterfaceOrientationPortrait UIInterfaceOrientationLandscapeLeft UIInterfaceOrientationLandscapeRight";
				LD_RUNPATH_SEARCH_PATHS = (
					"$(inherited)",
					"@executable_path/Frameworks",
				);
				MARKETING_VERSION = 1.0;
				PRODUCT_BUNDLE_IDENTIFIER = academy.MyReminders;
				PRODUCT_NAME = "$(TARGET_NAME)";
				SWIFT_EMIT_LOC_STRINGS = YES;
				SWIFT_VERSION = 5.0;
				TARGETED_DEVICE_FAMILY = "1,2";
			};
			name = Debug;
		};
		20AC63AE2B04DE190014AEAE /* Release */ = {
			isa = XCBuildConfiguration;
			buildSettings = {
				ASSETCATALOG_COMPILER_APPICON_NAME = AppIcon;
				ASSETCATALOG_COMPILER_GLOBAL_ACCENT_COLOR_NAME = AccentColor;
				CODE_SIGN_STYLE = Automatic;
				CURRENT_PROJECT_VERSION = 1;
				DEVELOPMENT_ASSET_PATHS = "\"MyReminders/Preview Content\"";
				DEVELOPMENT_TEAM = 5ZJ7YSCAWQ;
				ENABLE_PREVIEWS = YES;
				GENERATE_INFOPLIST_FILE = YES;
				INFOPLIST_KEY_UIApplicationSceneManifest_Generation = YES;
				INFOPLIST_KEY_UIApplicationSupportsIndirectInputEvents = YES;
				INFOPLIST_KEY_UILaunchScreen_Generation = YES;
				INFOPLIST_KEY_UISupportedInterfaceOrientations_iPad = "UIInterfaceOrientationPortrait UIInterfaceOrientationPortraitUpsideDown UIInterfaceOrientationLandscapeLeft UIInterfaceOrientationLandscapeRight";
				INFOPLIST_KEY_UISupportedInterfaceOrientations_iPhone = "UIInterfaceOrientationPortrait UIInterfaceOrientationLandscapeLeft UIInterfaceOrientationLandscapeRight";
				LD_RUNPATH_SEARCH_PATHS = (
					"$(inherited)",
					"@executable_path/Frameworks",
				);
				MARKETING_VERSION = 1.0;
				PRODUCT_BUNDLE_IDENTIFIER = academy.MyReminders;
				PRODUCT_NAME = "$(TARGET_NAME)";
				SWIFT_EMIT_LOC_STRINGS = YES;
				SWIFT_VERSION = 5.0;
				TARGETED_DEVICE_FAMILY = "1,2";
			};
			name = Release;
		};
		20AC63B02B04DE190014AEAE /* Debug */ = {
			isa = XCBuildConfiguration;
			buildSettings = {
				ALWAYS_EMBED_SWIFT_STANDARD_LIBRARIES = YES;
				BUNDLE_LOADER = "$(TEST_HOST)";
				CODE_SIGN_STYLE = Automatic;
				CURRENT_PROJECT_VERSION = 1;
				DEVELOPMENT_TEAM = 5ZJ7YSCAWQ;
				GENERATE_INFOPLIST_FILE = YES;
				IPHONEOS_DEPLOYMENT_TARGET = 17.0;
				MARKETING_VERSION = 1.0;
				PRODUCT_BUNDLE_IDENTIFIER = academy.MyRemindersTests;
				PRODUCT_NAME = "$(TARGET_NAME)";
				SWIFT_EMIT_LOC_STRINGS = NO;
				SWIFT_VERSION = 5.0;
				TARGETED_DEVICE_FAMILY = "1,2";
				TEST_HOST = "$(BUILT_PRODUCTS_DIR)/MyReminders.app/$(BUNDLE_EXECUTABLE_FOLDER_PATH)/MyReminders";
			};
			name = Debug;
		};
		20AC63B12B04DE190014AEAE /* Release */ = {
			isa = XCBuildConfiguration;
			buildSettings = {
				ALWAYS_EMBED_SWIFT_STANDARD_LIBRARIES = YES;
				BUNDLE_LOADER = "$(TEST_HOST)";
				CODE_SIGN_STYLE = Automatic;
				CURRENT_PROJECT_VERSION = 1;
				DEVELOPMENT_TEAM = 5ZJ7YSCAWQ;
				GENERATE_INFOPLIST_FILE = YES;
				IPHONEOS_DEPLOYMENT_TARGET = 17.0;
				MARKETING_VERSION = 1.0;
				PRODUCT_BUNDLE_IDENTIFIER = academy.MyRemindersTests;
				PRODUCT_NAME = "$(TARGET_NAME)";
				SWIFT_EMIT_LOC_STRINGS = NO;
				SWIFT_VERSION = 5.0;
				TARGETED_DEVICE_FAMILY = "1,2";
				TEST_HOST = "$(BUILT_PRODUCTS_DIR)/MyReminders.app/$(BUNDLE_EXECUTABLE_FOLDER_PATH)/MyReminders";
			};
			name = Release;
		};
		20AC63B32B04DE190014AEAE /* Debug */ = {
			isa = XCBuildConfiguration;
			buildSettings = {
				ALWAYS_EMBED_SWIFT_STANDARD_LIBRARIES = YES;
				CODE_SIGN_STYLE = Automatic;
				CURRENT_PROJECT_VERSION = 1;
				DEVELOPMENT_TEAM = 5ZJ7YSCAWQ;
				GENERATE_INFOPLIST_FILE = YES;
				MARKETING_VERSION = 1.0;
				PRODUCT_BUNDLE_IDENTIFIER = academy.MyRemindersUITests;
				PRODUCT_NAME = "$(TARGET_NAME)";
				SWIFT_EMIT_LOC_STRINGS = NO;
				SWIFT_VERSION = 5.0;
				TARGETED_DEVICE_FAMILY = "1,2";
				TEST_TARGET_NAME = MyReminders;
			};
			name = Debug;
		};
		20AC63B42B04DE190014AEAE /* Release */ = {
			isa = XCBuildConfiguration;
			buildSettings = {
				ALWAYS_EMBED_SWIFT_STANDARD_LIBRARIES = YES;
				CODE_SIGN_STYLE = Automatic;
				CURRENT_PROJECT_VERSION = 1;
				DEVELOPMENT_TEAM = 5ZJ7YSCAWQ;
				GENERATE_INFOPLIST_FILE = YES;
				MARKETING_VERSION = 1.0;
				PRODUCT_BUNDLE_IDENTIFIER = academy.MyRemindersUITests;
				PRODUCT_NAME = "$(TARGET_NAME)";
				SWIFT_EMIT_LOC_STRINGS = NO;
				SWIFT_VERSION = 5.0;
				TARGETED_DEVICE_FAMILY = "1,2";
				TEST_TARGET_NAME = MyReminders;
			};
			name = Release;
		};
/* End XCBuildConfiguration section */

/* Begin XCConfigurationList section */
		20AC63832B04DE170014AEAE /* Build configuration list for PBXProject "MyReminders" */ = {
			isa = XCConfigurationList;
			buildConfigurations = (
				20AC63AA2B04DE190014AEAE /* Debug */,
				20AC63AB2B04DE190014AEAE /* Release */,
			);
			defaultConfigurationIsVisible = 0;
			defaultConfigurationName = Release;
		};
		20AC63AC2B04DE190014AEAE /* Build configuration list for PBXNativeTarget "MyReminders" */ = {
			isa = XCConfigurationList;
			buildConfigurations = (
				20AC63AD2B04DE190014AEAE /* Debug */,
				20AC63AE2B04DE190014AEAE /* Release */,
			);
			defaultConfigurationIsVisible = 0;
			defaultConfigurationName = Release;
		};
		20AC63AF2B04DE190014AEAE /* Build configuration list for PBXNativeTarget "MyRemindersTests" */ = {
			isa = XCConfigurationList;
			buildConfigurations = (
				20AC63B02B04DE190014AEAE /* Debug */,
				20AC63B12B04DE190014AEAE /* Release */,
			);
			defaultConfigurationIsVisible = 0;
			defaultConfigurationName = Release;
		};
		20AC63B22B04DE190014AEAE /* Build configuration list for PBXNativeTarget "MyRemindersUITests" */ = {
			isa = XCConfigurationList;
			buildConfigurations = (
				20AC63B32B04DE190014AEAE /* Debug */,
				20AC63B42B04DE190014AEAE /* Release */,
			);
			defaultConfigurationIsVisible = 0;
			defaultConfigurationName = Release;
		};
/* End XCConfigurationList section */
	};
	rootObject = 20AC63802B04DE170014AEAE /* Project object */;
}
